
Microsoft Visual Studio Solution File, Format Version 12.00
# Visual Studio 15
VisualStudioVersion = 15.0.27004.2009
MinimumVisualStudioVersion = 10.0.40219.1
Project("{00D1A9C2-B5F0-4AF3-8072-F6C62B433612}") = "Database.GeoNames.org", "Database.GeoNames.org\Database.GeoNames.org.sqlproj", "{A393EA39-03A7-4E32-91F2-1B70FB303554}"
EndProject
Project("{FAE04EC0-301F-11D3-BF4B-00C04F79EFBC}") = "Import.GeoNames.org", "Import.GeoNames.org\Import.GeoNames.org.csproj", "{2D99947A-7A1E-4462-AD9F-95BD03FCA13D}"
EndProject
Global
	GlobalSection(SolutionConfigurationPlatforms) = preSolution
		Debug|Any CPU = Debug|Any CPU
		Release|Any CPU = Release|Any CPU
	EndGlobalSection
	GlobalSection(ProjectConfigurationPlatforms) = postSolution
		{A393EA39-03A7-4E32-91F2-1B70FB303554}.Debug|Any CPU.ActiveCfg = Debug|Any CPU
		{A393EA39-03A7-4E32-91F2-1B70FB303554}.Debug|Any CPU.Build.0 = Debug|Any CPU
		{A393EA39-03A7-4E32-91F2-1B70FB303554}.Debug|Any CPU.Deploy.0 = Debug|Any CPU
		{A393EA39-03A7-4E32-91F2-1B70FB303554}.Release|Any CPU.ActiveCfg = Release|Any CPU
		{A393EA39-03A7-4E32-91F2-1B70FB303554}.Release|Any CPU.Build.0 = Release|Any CPU
		{A393EA39-03A7-4E32-91F2-1B70FB303554}.Release|Any CPU.Deploy.0 = Release|Any CPU
		{2D99947A-7A1E-4462-AD9F-95BD03FCA13D}.Debug|Any CPU.ActiveCfg = Debug|Any CPU
		{2D99947A-7A1E-4462-AD9F-95BD03FCA13D}.Debug|Any CPU.Build.0 = Debug|Any CPU
		{2D99947A-7A1E-4462-AD9F-95BD03FCA13D}.Release|Any CPU.ActiveCfg = Release|Any CPU
		{2D99947A-7A1E-4462-AD9F-95BD03FCA13D}.Release|Any CPU.Build.0 = Release|Any CPU
	EndGlobalSection
	GlobalSection(SolutionProperties) = preSolution
		HideSolutionNode = FALSE
	EndGlobalSection
	GlobalSection(ExtensibilityGlobals) = postSolution
		SolutionGuid = {F43CF7D3-0143-4169-B98E-4B478B718AF4}
	EndGlobalSection
EndGlobal
